
Microsoft Visual Studio Solution File, Format Version 12.00
# Visual Studio 2012
Project("{FAE04EC0-301F-11D3-BF4B-00C04F79EFBC}") = "xMap", "xMap\xMap.csproj", "{5DF241F1-0FCF-4B52-8FF7-A5D66D605EA7}"
EndProject
Project("{FAE04EC0-301F-11D3-BF4B-00C04F79EFBC}") = "xMap.Tests.Unit", "xMap.Tests.Unit\xMap.Tests.Unit.csproj", "{98A26258-B369-4EDA-BF7F-E638FF24E909}"
EndProject
Project("{FAE04EC0-301F-11D3-BF4B-00C04F79EFBC}") = "xMap.Tests.Integration.Sql", "xMap.Tests.Integration.Sql\xMap.Tests.Integration.Sql.csproj", "{908B0135-F063-46BC-A516-A571D18B0EF8}"
EndProject
Project("{FAE04EC0-301F-11D3-BF4B-00C04F79EFBC}") = "xMap.Tests", "xMap.Tests\xMap.Tests.csproj", "{3361E4E8-41C4-4130-A840-91299D4BEB79}"
EndProject
Global
	GlobalSection(SolutionConfigurationPlatforms) = preSolution
		Debug|Any CPU = Debug|Any CPU
		Release|Any CPU = Release|Any CPU
	EndGlobalSection
	GlobalSection(ProjectConfigurationPlatforms) = postSolution
		{5DF241F1-0FCF-4B52-8FF7-A5D66D605EA7}.Debug|Any CPU.ActiveCfg = Debug|Any CPU
		{5DF241F1-0FCF-4B52-8FF7-A5D66D605EA7}.Debug|Any CPU.Build.0 = Debug|Any CPU
		{5DF241F1-0FCF-4B52-8FF7-A5D66D605EA7}.Release|Any CPU.ActiveCfg = Release|Any CPU
		{5DF241F1-0FCF-4B52-8FF7-A5D66D605EA7}.Release|Any CPU.Build.0 = Release|Any CPU
		{98A26258-B369-4EDA-BF7F-E638FF24E909}.Debug|Any CPU.ActiveCfg = Debug|Any CPU
		{98A26258-B369-4EDA-BF7F-E638FF24E909}.Debug|Any CPU.Build.0 = Debug|Any CPU
		{98A26258-B369-4EDA-BF7F-E638FF24E909}.Release|Any CPU.ActiveCfg = Release|Any CPU
		{98A26258-B369-4EDA-BF7F-E638FF24E909}.Release|Any CPU.Build.0 = Release|Any CPU
		{908B0135-F063-46BC-A516-A571D18B0EF8}.Debug|Any CPU.ActiveCfg = Debug|Any CPU
		{908B0135-F063-46BC-A516-A571D18B0EF8}.Debug|Any CPU.Build.0 = Debug|Any CPU
		{908B0135-F063-46BC-A516-A571D18B0EF8}.Release|Any CPU.ActiveCfg = Release|Any CPU
		{908B0135-F063-46BC-A516-A571D18B0EF8}.Release|Any CPU.Build.0 = Release|Any CPU
		{3361E4E8-41C4-4130-A840-91299D4BEB79}.Debug|Any CPU.ActiveCfg = Debug|Any CPU
		{3361E4E8-41C4-4130-A840-91299D4BEB79}.Debug|Any CPU.Build.0 = Debug|Any CPU
		{3361E4E8-41C4-4130-A840-91299D4BEB79}.Release|Any CPU.ActiveCfg = Release|Any CPU
		{3361E4E8-41C4-4130-A840-91299D4BEB79}.Release|Any CPU.Build.0 = Release|Any CPU
	EndGlobalSection
	GlobalSection(SolutionProperties) = preSolution
		HideSolutionNode = FALSE
	EndGlobalSection
EndGlobal
